
Microsoft Visual Studio Solution File, Format Version 9.00
# Visual Studio 2005
Project("{FAE04EC0-301F-11D3-BF4B-00C04F79EFBC}") = "BluBTrace", "BluBTrace\BluBTrace.csproj", "{3B85FCD0-AC7A-4611-857A-8D6C604094CF}"
EndProject
Project("{FAE04EC0-301F-11D3-BF4B-00C04F79EFBC}") = "CornellBox", "CornellBox\CornellBox.csproj", "{82A3D2A0-1D89-4EBB-A118-DB37919B2052}"
EndProject
Global
	GlobalSection(SolutionConfigurationPlatforms) = preSolution
		Debug|Any CPU = Debug|Any CPU
		Release|Any CPU = Release|Any CPU
	EndGlobalSection
	GlobalSection(ProjectConfigurationPlatforms) = postSolution
		{3B85FCD0-AC7A-4611-857A-8D6C604094CF}.Debug|Any CPU.ActiveCfg = Debug|Any CPU
		{3B85FCD0-AC7A-4611-857A-8D6C604094CF}.Debug|Any CPU.Build.0 = Debug|Any CPU
		{3B85FCD0-AC7A-4611-857A-8D6C604094CF}.Release|Any CPU.ActiveCfg = Release|Any CPU
		{3B85FCD0-AC7A-4611-857A-8D6C604094CF}.Release|Any CPU.Build.0 = Release|Any CPU
		{82A3D2A0-1D89-4EBB-A118-DB37919B2052}.Debug|Any CPU.ActiveCfg = Debug|Any CPU
		{82A3D2A0-1D89-4EBB-A118-DB37919B2052}.Debug|Any CPU.Build.0 = Debug|Any CPU
		{82A3D2A0-1D89-4EBB-A118-DB37919B2052}.Release|Any CPU.ActiveCfg = Release|Any CPU
		{82A3D2A0-1D89-4EBB-A118-DB37919B2052}.Release|Any CPU.Build.0 = Release|Any CPU
	EndGlobalSection
	GlobalSection(MonoDevelopProperties) = preSolution
		StartupItem = BluBTrace\BluBTrace.csproj
	EndGlobalSection
EndGlobal
